<Solution>
  <Folder Name="/Itens de Solução/">
    <File Path="README.md" />
  </Folder>
  <Project Path="../c#-end-to-end-crypto/end-to-end-crypto-c#/c#-end-to-end-crypto.csproj" />
  <Project Path="Crypto.Functions/Crypto.Functions.csproj" Id="3f0b87bb-cb71-44cb-b090-0526588a7b1f" />
  <Project Path="CryptoAPI/CryptoAPI.csproj" />
</Solution>
